{
  "object": {
    "pins": [
      {
        "package": "Starscream",
        "repositoryURL": "https://github.com/tipsportios/Starscream",
        "state": {
          "branch": "certs",
          "revision": "a3dbc9d35b16deae52371538017403460ae778f3",
          "version": null
        }
      }
    ]
  },
  "version": 1
}
