{
  "object": {
    "pins": [
      {
        "package": "Starscream",
        "repositoryURL": "https://github.com/tipsportios/Starscream",
        "state": {
          "branch": "f06616a",
          "revision": "f06616a2bec52fa2c5c9e0f6a6a60bf09f2350ae",
          "version": null
        }
      }
    ]
  },
  "version": 1
}
